
Microsoft Visual Studio Solution File, Format Version 12.00
# Visual Studio 14
VisualStudioVersion = 14.0.25420.1
MinimumVisualStudioVersion = 10.0.40219.1
Project("{888888A0-9F3D-457C-B088-3A5042F75D52}") = "InterpreterDemo", "InterpreterDemo\InterpreterDemo.pyproj", "{4FD266FA-4B30-43C4-9308-C9619788D7DE}"
EndProject
Project("{FAE04EC0-301F-11D3-BF4B-00C04F79EFBC}") = "InteractiverConsole", "InteractiverConsole\InteractiverConsole.csproj", "{75D16847-B285-4111-B677-DFE0E8AA37BD}"
EndProject
Global
	GlobalSection(SolutionConfigurationPlatforms) = preSolution
		Debug|Any CPU = Debug|Any CPU
		Release|Any CPU = Release|Any CPU
	EndGlobalSection
	GlobalSection(ProjectConfigurationPlatforms) = postSolution
		{4FD266FA-4B30-43C4-9308-C9619788D7DE}.Debug|Any CPU.ActiveCfg = Debug|Any CPU
		{4FD266FA-4B30-43C4-9308-C9619788D7DE}.Release|Any CPU.ActiveCfg = Release|Any CPU
		{75D16847-B285-4111-B677-DFE0E8AA37BD}.Debug|Any CPU.ActiveCfg = Debug|Any CPU
		{75D16847-B285-4111-B677-DFE0E8AA37BD}.Debug|Any CPU.Build.0 = Debug|Any CPU
		{75D16847-B285-4111-B677-DFE0E8AA37BD}.Release|Any CPU.ActiveCfg = Release|Any CPU
		{75D16847-B285-4111-B677-DFE0E8AA37BD}.Release|Any CPU.Build.0 = Release|Any CPU
	EndGlobalSection
	GlobalSection(SolutionProperties) = preSolution
		HideSolutionNode = FALSE
	EndGlobalSection
EndGlobal
